
Microsoft Visual Studio Solution File, Format Version 12.00
# Visual Studio 15
VisualStudioVersion = 15.0.27130.2010
MinimumVisualStudioVersion = 10.0.40219.1
Project("{FAE04EC0-301F-11D3-BF4B-00C04F79EFBC}") = "ASCOM.DSLR", "ASCOM.DSLR\ASCOM.DSLR.csproj", "{64308775-BD4A-469C-BCAB-3ED830B811AF}"
EndProject
Project("{FAE04EC0-301F-11D3-BF4B-00C04F79EFBC}") = "ASCOM.DSLR.TestAppForm", "ASCOM.DSLR.TestAppForm\ASCOM.DSLR.TestAppForm.csproj", "{8E8D406C-1838-4914-867D-AB602D0EAF3E}"
EndProject
Project("{FAE04EC0-301F-11D3-BF4B-00C04F79EFBC}") = "EDSDKLib", "EDSDKLib\EDSDKLib.csproj", "{15E99248-6161-46A4-9183-609CA62406A6}"
EndProject
Project("{FAE04EC0-301F-11D3-BF4B-00C04F79EFBC}") = "OTelescope.API", "OTelescope.API\OTelescope.API.csproj", "{B7E42253-59AB-4CE0-B1E7-43FC61F4CD07}"
EndProject
Project("{FAE04EC0-301F-11D3-BF4B-00C04F79EFBC}") = "Registrar", "Registrar\Registrar.csproj", "{2F2993A5-1A52-4BFE-8A09-86B7BB97820C}"
	ProjectSection(ProjectDependencies) = postProject
		{64308775-BD4A-469C-BCAB-3ED830B811AF} = {64308775-BD4A-469C-BCAB-3ED830B811AF}
	EndProjectSection
EndProject
Project("{FAE04EC0-301F-11D3-BF4B-00C04F79EFBC}") = "CameraControl.Devices", "DigiCamControl\CameraControl.Devices\CameraControl.Devices.csproj", "{E8572D8B-C987-4D20-BD88-1F8925A64A82}"
EndProject
Project("{FAE04EC0-301F-11D3-BF4B-00C04F79EFBC}") = "Canon.Eos.Framework", "DigiCamControl\Canon.Eos.Framework\Canon.Eos.Framework.csproj", "{F809DBB6-E0E8-47A8-92ED-C24575576A5D}"
EndProject
Project("{FAE04EC0-301F-11D3-BF4B-00C04F79EFBC}") = "PortableDeviceLib", "DigiCamControl\PortableDeviceLib\PortableDeviceLib.csproj", "{E9F048C1-C6A0-4CCD-BE57-4E76A7F8B32D}"
EndProject
Project("{2150E333-8FDC-42A3-9474-1A3956D46DE8}") = "DigiCamControl", "DigiCamControl", "{4FC379CE-DD0C-4628-9639-E232474A1F70}"
EndProject
Global
	GlobalSection(SolutionConfigurationPlatforms) = preSolution
		Capture.Workflow|Any CPU = Capture.Workflow|Any CPU
		Capture.Workflow|x64 = Capture.Workflow|x64
		Capture.Workflow|x86 = Capture.Workflow|x86
		Debug|Any CPU = Debug|Any CPU
		Debug|x64 = Debug|x64
		Debug|x86 = Debug|x86
		Release|Any CPU = Release|Any CPU
		Release|x64 = Release|x64
		Release|x86 = Release|x86
	EndGlobalSection
	GlobalSection(ProjectConfigurationPlatforms) = postSolution
		{64308775-BD4A-469C-BCAB-3ED830B811AF}.Capture.Workflow|Any CPU.ActiveCfg = Release|Any CPU
		{64308775-BD4A-469C-BCAB-3ED830B811AF}.Capture.Workflow|Any CPU.Build.0 = Release|Any CPU
		{64308775-BD4A-469C-BCAB-3ED830B811AF}.Capture.Workflow|x64.ActiveCfg = Debug|Any CPU
		{64308775-BD4A-469C-BCAB-3ED830B811AF}.Capture.Workflow|x64.Build.0 = Debug|Any CPU
		{64308775-BD4A-469C-BCAB-3ED830B811AF}.Capture.Workflow|x86.ActiveCfg = Release|x86
		{64308775-BD4A-469C-BCAB-3ED830B811AF}.Capture.Workflow|x86.Build.0 = Release|x86
		{64308775-BD4A-469C-BCAB-3ED830B811AF}.Debug|Any CPU.ActiveCfg = Debug|Any CPU
		{64308775-BD4A-469C-BCAB-3ED830B811AF}.Debug|Any CPU.Build.0 = Debug|Any CPU
		{64308775-BD4A-469C-BCAB-3ED830B811AF}.Debug|x64.ActiveCfg = Debug|Any CPU
		{64308775-BD4A-469C-BCAB-3ED830B811AF}.Debug|x64.Build.0 = Debug|Any CPU
		{64308775-BD4A-469C-BCAB-3ED830B811AF}.Debug|x86.ActiveCfg = Debug|x86
		{64308775-BD4A-469C-BCAB-3ED830B811AF}.Debug|x86.Build.0 = Debug|x86
		{64308775-BD4A-469C-BCAB-3ED830B811AF}.Release|Any CPU.ActiveCfg = Release|Any CPU
		{64308775-BD4A-469C-BCAB-3ED830B811AF}.Release|Any CPU.Build.0 = Release|Any CPU
		{64308775-BD4A-469C-BCAB-3ED830B811AF}.Release|x64.ActiveCfg = Release|Any CPU
		{64308775-BD4A-469C-BCAB-3ED830B811AF}.Release|x64.Build.0 = Release|Any CPU
		{64308775-BD4A-469C-BCAB-3ED830B811AF}.Release|x86.ActiveCfg = Release|x86
		{64308775-BD4A-469C-BCAB-3ED830B811AF}.Release|x86.Build.0 = Release|x86
		{8E8D406C-1838-4914-867D-AB602D0EAF3E}.Capture.Workflow|Any CPU.ActiveCfg = Release|Any CPU
		{8E8D406C-1838-4914-867D-AB602D0EAF3E}.Capture.Workflow|Any CPU.Build.0 = Release|Any CPU
		{8E8D406C-1838-4914-867D-AB602D0EAF3E}.Capture.Workflow|x64.ActiveCfg = Debug|Any CPU
		{8E8D406C-1838-4914-867D-AB602D0EAF3E}.Capture.Workflow|x64.Build.0 = Debug|Any CPU
		{8E8D406C-1838-4914-867D-AB602D0EAF3E}.Capture.Workflow|x86.ActiveCfg = Release|x86
		{8E8D406C-1838-4914-867D-AB602D0EAF3E}.Capture.Workflow|x86.Build.0 = Release|x86
		{8E8D406C-1838-4914-867D-AB602D0EAF3E}.Debug|Any CPU.ActiveCfg = Debug|Any CPU
		{8E8D406C-1838-4914-867D-AB602D0EAF3E}.Debug|Any CPU.Build.0 = Debug|Any CPU
		{8E8D406C-1838-4914-867D-AB602D0EAF3E}.Debug|x64.ActiveCfg = Debug|Any CPU
		{8E8D406C-1838-4914-867D-AB602D0EAF3E}.Debug|x64.Build.0 = Debug|Any CPU
		{8E8D406C-1838-4914-867D-AB602D0EAF3E}.Debug|x86.ActiveCfg = Debug|x86
		{8E8D406C-1838-4914-867D-AB602D0EAF3E}.Debug|x86.Build.0 = Debug|x86
		{8E8D406C-1838-4914-867D-AB602D0EAF3E}.Release|Any CPU.ActiveCfg = Release|Any CPU
		{8E8D406C-1838-4914-867D-AB602D0EAF3E}.Release|Any CPU.Build.0 = Release|Any CPU
		{8E8D406C-1838-4914-867D-AB602D0EAF3E}.Release|x64.ActiveCfg = Release|Any CPU
		{8E8D406C-1838-4914-867D-AB602D0EAF3E}.Release|x64.Build.0 = Release|Any CPU
		{8E8D406C-1838-4914-867D-AB602D0EAF3E}.Release|x86.ActiveCfg = Release|x86
		{8E8D406C-1838-4914-867D-AB602D0EAF3E}.Release|x86.Build.0 = Release|x86
		{15E99248-6161-46A4-9183-609CA62406A6}.Capture.Workflow|Any CPU.ActiveCfg = Release|Any CPU
		{15E99248-6161-46A4-9183-609CA62406A6}.Capture.Workflow|Any CPU.Build.0 = Release|Any CPU
		{15E99248-6161-46A4-9183-609CA62406A6}.Capture.Workflow|x64.ActiveCfg = Debug|Any CPU
		{15E99248-6161-46A4-9183-609CA62406A6}.Capture.Workflow|x64.Build.0 = Debug|Any CPU
		{15E99248-6161-46A4-9183-609CA62406A6}.Capture.Workflow|x86.ActiveCfg = Release|x86
		{15E99248-6161-46A4-9183-609CA62406A6}.Capture.Workflow|x86.Build.0 = Release|x86
		{15E99248-6161-46A4-9183-609CA62406A6}.Debug|Any CPU.ActiveCfg = Debug|Any CPU
		{15E99248-6161-46A4-9183-609CA62406A6}.Debug|Any CPU.Build.0 = Debug|Any CPU
		{15E99248-6161-46A4-9183-609CA62406A6}.Debug|x64.ActiveCfg = Debug|Any CPU
		{15E99248-6161-46A4-9183-609CA62406A6}.Debug|x64.Build.0 = Debug|Any CPU
		{15E99248-6161-46A4-9183-609CA62406A6}.Debug|x86.ActiveCfg = Debug|x86
		{15E99248-6161-46A4-9183-609CA62406A6}.Debug|x86.Build.0 = Debug|x86
		{15E99248-6161-46A4-9183-609CA62406A6}.Release|Any CPU.ActiveCfg = Release|Any CPU
		{15E99248-6161-46A4-9183-609CA62406A6}.Release|Any CPU.Build.0 = Release|Any CPU
		{15E99248-6161-46A4-9183-609CA62406A6}.Release|x64.ActiveCfg = Release|Any CPU
		{15E99248-6161-46A4-9183-609CA62406A6}.Release|x64.Build.0 = Release|Any CPU
		{15E99248-6161-46A4-9183-609CA62406A6}.Release|x86.ActiveCfg = Release|x86
		{15E99248-6161-46A4-9183-609CA62406A6}.Release|x86.Build.0 = Release|x86
		{B7E42253-59AB-4CE0-B1E7-43FC61F4CD07}.Capture.Workflow|Any CPU.ActiveCfg = Release|Any CPU
		{B7E42253-59AB-4CE0-B1E7-43FC61F4CD07}.Capture.Workflow|Any CPU.Build.0 = Release|Any CPU
		{B7E42253-59AB-4CE0-B1E7-43FC61F4CD07}.Capture.Workflow|x64.ActiveCfg = Debug|Any CPU
		{B7E42253-59AB-4CE0-B1E7-43FC61F4CD07}.Capture.Workflow|x64.Build.0 = Debug|Any CPU
		{B7E42253-59AB-4CE0-B1E7-43FC61F4CD07}.Capture.Workflow|x86.ActiveCfg = Release|x86
		{B7E42253-59AB-4CE0-B1E7-43FC61F4CD07}.Capture.Workflow|x86.Build.0 = Release|x86
		{B7E42253-59AB-4CE0-B1E7-43FC61F4CD07}.Debug|Any CPU.ActiveCfg = Debug|Any CPU
		{B7E42253-59AB-4CE0-B1E7-43FC61F4CD07}.Debug|Any CPU.Build.0 = Debug|Any CPU
		{B7E42253-59AB-4CE0-B1E7-43FC61F4CD07}.Debug|x64.ActiveCfg = Debug|Any CPU
		{B7E42253-59AB-4CE0-B1E7-43FC61F4CD07}.Debug|x64.Build.0 = Debug|Any CPU
		{B7E42253-59AB-4CE0-B1E7-43FC61F4CD07}.Debug|x86.ActiveCfg = Debug|x86
		{B7E42253-59AB-4CE0-B1E7-43FC61F4CD07}.Debug|x86.Build.0 = Debug|x86
		{B7E42253-59AB-4CE0-B1E7-43FC61F4CD07}.Release|Any CPU.ActiveCfg = Release|Any CPU
		{B7E42253-59AB-4CE0-B1E7-43FC61F4CD07}.Release|Any CPU.Build.0 = Release|Any CPU
		{B7E42253-59AB-4CE0-B1E7-43FC61F4CD07}.Release|x64.ActiveCfg = Release|Any CPU
		{B7E42253-59AB-4CE0-B1E7-43FC61F4CD07}.Release|x64.Build.0 = Release|Any CPU
		{B7E42253-59AB-4CE0-B1E7-43FC61F4CD07}.Release|x86.ActiveCfg = Release|x86
		{B7E42253-59AB-4CE0-B1E7-43FC61F4CD07}.Release|x86.Build.0 = Release|x86
		{2F2993A5-1A52-4BFE-8A09-86B7BB97820C}.Capture.Workflow|Any CPU.ActiveCfg = Debug|Any CPU
		{2F2993A5-1A52-4BFE-8A09-86B7BB97820C}.Capture.Workflow|Any CPU.Build.0 = Debug|Any CPU
		{2F2993A5-1A52-4BFE-8A09-86B7BB97820C}.Capture.Workflow|x64.ActiveCfg = Release|Any CPU
		{2F2993A5-1A52-4BFE-8A09-86B7BB97820C}.Capture.Workflow|x64.Build.0 = Release|Any CPU
		{2F2993A5-1A52-4BFE-8A09-86B7BB97820C}.Capture.Workflow|x86.ActiveCfg = Release|Any CPU
		{2F2993A5-1A52-4BFE-8A09-86B7BB97820C}.Capture.Workflow|x86.Build.0 = Release|Any CPU
		{2F2993A5-1A52-4BFE-8A09-86B7BB97820C}.Debug|Any CPU.ActiveCfg = Debug|Any CPU
		{2F2993A5-1A52-4BFE-8A09-86B7BB97820C}.Debug|Any CPU.Build.0 = Debug|Any CPU
		{2F2993A5-1A52-4BFE-8A09-86B7BB97820C}.Debug|x64.ActiveCfg = Debug|Any CPU
		{2F2993A5-1A52-4BFE-8A09-86B7BB97820C}.Debug|x64.Build.0 = Debug|Any CPU
		{2F2993A5-1A52-4BFE-8A09-86B7BB97820C}.Debug|x86.ActiveCfg = Debug|Any CPU
		{2F2993A5-1A52-4BFE-8A09-86B7BB97820C}.Debug|x86.Build.0 = Debug|Any CPU
		{2F2993A5-1A52-4BFE-8A09-86B7BB97820C}.Release|Any CPU.ActiveCfg = Release|Any CPU
		{2F2993A5-1A52-4BFE-8A09-86B7BB97820C}.Release|Any CPU.Build.0 = Release|Any CPU
		{2F2993A5-1A52-4BFE-8A09-86B7BB97820C}.Release|x64.ActiveCfg = Release|Any CPU
		{2F2993A5-1A52-4BFE-8A09-86B7BB97820C}.Release|x64.Build.0 = Release|Any CPU
		{2F2993A5-1A52-4BFE-8A09-86B7BB97820C}.Release|x86.ActiveCfg = Release|Any CPU
		{2F2993A5-1A52-4BFE-8A09-86B7BB97820C}.Release|x86.Build.0 = Release|Any CPU
		{E8572D8B-C987-4D20-BD88-1F8925A64A82}.Capture.Workflow|Any CPU.ActiveCfg = Capture.Workflow|Any CPU
		{E8572D8B-C987-4D20-BD88-1F8925A64A82}.Capture.Workflow|Any CPU.Build.0 = Capture.Workflow|Any CPU
		{E8572D8B-C987-4D20-BD88-1F8925A64A82}.Capture.Workflow|x64.ActiveCfg = Capture.Workflow|x64
		{E8572D8B-C987-4D20-BD88-1F8925A64A82}.Capture.Workflow|x64.Build.0 = Capture.Workflow|x64
		{E8572D8B-C987-4D20-BD88-1F8925A64A82}.Capture.Workflow|x86.ActiveCfg = Capture.Workflow|x86
		{E8572D8B-C987-4D20-BD88-1F8925A64A82}.Capture.Workflow|x86.Build.0 = Capture.Workflow|x86
		{E8572D8B-C987-4D20-BD88-1F8925A64A82}.Debug|Any CPU.ActiveCfg = Debug|Any CPU
		{E8572D8B-C987-4D20-BD88-1F8925A64A82}.Debug|Any CPU.Build.0 = Debug|Any CPU
		{E8572D8B-C987-4D20-BD88-1F8925A64A82}.Debug|x64.ActiveCfg = Debug|x64
		{E8572D8B-C987-4D20-BD88-1F8925A64A82}.Debug|x64.Build.0 = Debug|x64
		{E8572D8B-C987-4D20-BD88-1F8925A64A82}.Debug|x86.ActiveCfg = Debug|x86
		{E8572D8B-C987-4D20-BD88-1F8925A64A82}.Debug|x86.Build.0 = Debug|x86
		{E8572D8B-C987-4D20-BD88-1F8925A64A82}.Release|Any CPU.ActiveCfg = Release|Any CPU
		{E8572D8B-C987-4D20-BD88-1F8925A64A82}.Release|Any CPU.Build.0 = Release|Any CPU
		{E8572D8B-C987-4D20-BD88-1F8925A64A82}.Release|x64.ActiveCfg = Release|x64
		{E8572D8B-C987-4D20-BD88-1F8925A64A82}.Release|x64.Build.0 = Release|x64
		{E8572D8B-C987-4D20-BD88-1F8925A64A82}.Release|x86.ActiveCfg = Release|x86
		{E8572D8B-C987-4D20-BD88-1F8925A64A82}.Release|x86.Build.0 = Release|x86
		{F809DBB6-E0E8-47A8-92ED-C24575576A5D}.Capture.Workflow|Any CPU.ActiveCfg = Capture.Workflow|Any CPU
		{F809DBB6-E0E8-47A8-92ED-C24575576A5D}.Capture.Workflow|Any CPU.Build.0 = Capture.Workflow|Any CPU
		{F809DBB6-E0E8-47A8-92ED-C24575576A5D}.Capture.Workflow|x64.ActiveCfg = Capture.Workflow|x64
		{F809DBB6-E0E8-47A8-92ED-C24575576A5D}.Capture.Workflow|x64.Build.0 = Capture.Workflow|x64
		{F809DBB6-E0E8-47A8-92ED-C24575576A5D}.Capture.Workflow|x86.ActiveCfg = Capture.Workflow|x86
		{F809DBB6-E0E8-47A8-92ED-C24575576A5D}.Capture.Workflow|x86.Build.0 = Capture.Workflow|x86
		{F809DBB6-E0E8-47A8-92ED-C24575576A5D}.Debug|Any CPU.ActiveCfg = Debug|Any CPU
		{F809DBB6-E0E8-47A8-92ED-C24575576A5D}.Debug|Any CPU.Build.0 = Debug|Any CPU
		{F809DBB6-E0E8-47A8-92ED-C24575576A5D}.Debug|x64.ActiveCfg = Debug|x64
		{F809DBB6-E0E8-47A8-92ED-C24575576A5D}.Debug|x64.Build.0 = Debug|x64
		{F809DBB6-E0E8-47A8-92ED-C24575576A5D}.Debug|x86.ActiveCfg = Debug|x86
		{F809DBB6-E0E8-47A8-92ED-C24575576A5D}.Debug|x86.Build.0 = Debug|x86
		{F809DBB6-E0E8-47A8-92ED-C24575576A5D}.Release|Any CPU.ActiveCfg = Release|Any CPU
		{F809DBB6-E0E8-47A8-92ED-C24575576A5D}.Release|Any CPU.Build.0 = Release|Any CPU
		{F809DBB6-E0E8-47A8-92ED-C24575576A5D}.Release|x64.ActiveCfg = Release|x64
		{F809DBB6-E0E8-47A8-92ED-C24575576A5D}.Release|x64.Build.0 = Release|x64
		{F809DBB6-E0E8-47A8-92ED-C24575576A5D}.Release|x86.ActiveCfg = Release|x86
		{F809DBB6-E0E8-47A8-92ED-C24575576A5D}.Release|x86.Build.0 = Release|x86
		{E9F048C1-C6A0-4CCD-BE57-4E76A7F8B32D}.Capture.Workflow|Any CPU.ActiveCfg = Capture.Workflow|Any CPU
		{E9F048C1-C6A0-4CCD-BE57-4E76A7F8B32D}.Capture.Workflow|Any CPU.Build.0 = Capture.Workflow|Any CPU
		{E9F048C1-C6A0-4CCD-BE57-4E76A7F8B32D}.Capture.Workflow|x64.ActiveCfg = Capture.Workflow|x64
		{E9F048C1-C6A0-4CCD-BE57-4E76A7F8B32D}.Capture.Workflow|x64.Build.0 = Capture.Workflow|x64
		{E9F048C1-C6A0-4CCD-BE57-4E76A7F8B32D}.Capture.Workflow|x86.ActiveCfg = Capture.Workflow|x86
		{E9F048C1-C6A0-4CCD-BE57-4E76A7F8B32D}.Capture.Workflow|x86.Build.0 = Capture.Workflow|x86
		{E9F048C1-C6A0-4CCD-BE57-4E76A7F8B32D}.Debug|Any CPU.ActiveCfg = Debug|Any CPU
		{E9F048C1-C6A0-4CCD-BE57-4E76A7F8B32D}.Debug|Any CPU.Build.0 = Debug|Any CPU
		{E9F048C1-C6A0-4CCD-BE57-4E76A7F8B32D}.Debug|x64.ActiveCfg = Debug|x64
		{E9F048C1-C6A0-4CCD-BE57-4E76A7F8B32D}.Debug|x64.Build.0 = Debug|x64
		{E9F048C1-C6A0-4CCD-BE57-4E76A7F8B32D}.Debug|x86.ActiveCfg = Debug|x86
		{E9F048C1-C6A0-4CCD-BE57-4E76A7F8B32D}.Debug|x86.Build.0 = Debug|x86
		{E9F048C1-C6A0-4CCD-BE57-4E76A7F8B32D}.Release|Any CPU.ActiveCfg = Release|Any CPU
		{E9F048C1-C6A0-4CCD-BE57-4E76A7F8B32D}.Release|Any CPU.Build.0 = Release|Any CPU
		{E9F048C1-C6A0-4CCD-BE57-4E76A7F8B32D}.Release|x64.ActiveCfg = Release|x64
		{E9F048C1-C6A0-4CCD-BE57-4E76A7F8B32D}.Release|x64.Build.0 = Release|x64
		{E9F048C1-C6A0-4CCD-BE57-4E76A7F8B32D}.Release|x86.ActiveCfg = Release|x86
		{E9F048C1-C6A0-4CCD-BE57-4E76A7F8B32D}.Release|x86.Build.0 = Release|x86
	EndGlobalSection
	GlobalSection(SolutionProperties) = preSolution
		HideSolutionNode = FALSE
	EndGlobalSection
	GlobalSection(NestedProjects) = preSolution
		{E8572D8B-C987-4D20-BD88-1F8925A64A82} = {4FC379CE-DD0C-4628-9639-E232474A1F70}
		{F809DBB6-E0E8-47A8-92ED-C24575576A5D} = {4FC379CE-DD0C-4628-9639-E232474A1F70}
		{E9F048C1-C6A0-4CCD-BE57-4E76A7F8B32D} = {4FC379CE-DD0C-4628-9639-E232474A1F70}
	EndGlobalSection
	GlobalSection(ExtensibilityGlobals) = postSolution
		SolutionGuid = {AB1F058A-E42A-455B-A367-CDFF8B8BD485}
	EndGlobalSection
EndGlobal
